
Microsoft Visual Studio Solution File, Format Version 12.00
# Visual Studio Version 17
VisualStudioVersion = 17.0.31903.59
MinimumVisualStudioVersion = 10.0.40219.1
Project("{FAE04EC0-301F-11D3-BF4B-00C04F79EFBC}") = "CityWorker.Server", "CityWorker.Server\CityWorker.Server.csproj", "{9763BB83-25E4-40F5-87B1-6DD20761E434}"
EndProject
Project("{FAE04EC0-301F-11D3-BF4B-00C04F79EFBC}") = "CityWorker.Client", "CityWorker.Client\CityWorker.Client.csproj", "{EF03D963-7045-44AB-9AFD-52C07DCFD099}"
EndProject
Global
	GlobalSection(SolutionConfigurationPlatforms) = preSolution
		Debug|Any CPU = Debug|Any CPU
		Debug|x64 = Debug|x64
		Debug|x86 = Debug|x86
		Release|Any CPU = Release|Any CPU
		Release|x64 = Release|x64
		Release|x86 = Release|x86
	EndGlobalSection
	GlobalSection(ProjectConfigurationPlatforms) = postSolution
		{9763BB83-25E4-40F5-87B1-6DD20761E434}.Debug|Any CPU.ActiveCfg = Debug|Any CPU
		{9763BB83-25E4-40F5-87B1-6DD20761E434}.Debug|Any CPU.Build.0 = Debug|Any CPU
		{9763BB83-25E4-40F5-87B1-6DD20761E434}.Debug|x64.ActiveCfg = Debug|Any CPU
		{9763BB83-25E4-40F5-87B1-6DD20761E434}.Debug|x64.Build.0 = Debug|Any CPU
		{9763BB83-25E4-40F5-87B1-6DD20761E434}.Debug|x86.ActiveCfg = Debug|Any CPU
		{9763BB83-25E4-40F5-87B1-6DD20761E434}.Debug|x86.Build.0 = Debug|Any CPU
		{9763BB83-25E4-40F5-87B1-6DD20761E434}.Release|Any CPU.ActiveCfg = Release|Any CPU
		{9763BB83-25E4-40F5-87B1-6DD20761E434}.Release|Any CPU.Build.0 = Release|Any CPU
		{9763BB83-25E4-40F5-87B1-6DD20761E434}.Release|x64.ActiveCfg = Release|Any CPU
		{9763BB83-25E4-40F5-87B1-6DD20761E434}.Release|x64.Build.0 = Release|Any CPU
		{9763BB83-25E4-40F5-87B1-6DD20761E434}.Release|x86.ActiveCfg = Release|Any CPU
		{9763BB83-25E4-40F5-87B1-6DD20761E434}.Release|x86.Build.0 = Release|Any CPU
		{EF03D963-7045-44AB-9AFD-52C07DCFD099}.Debug|Any CPU.ActiveCfg = Debug|Any CPU
		{EF03D963-7045-44AB-9AFD-52C07DCFD099}.Debug|Any CPU.Build.0 = Debug|Any CPU
		{EF03D963-7045-44AB-9AFD-52C07DCFD099}.Debug|x64.ActiveCfg = Debug|Any CPU
		{EF03D963-7045-44AB-9AFD-52C07DCFD099}.Debug|x64.Build.0 = Debug|Any CPU
		{EF03D963-7045-44AB-9AFD-52C07DCFD099}.Debug|x86.ActiveCfg = Debug|Any CPU
		{EF03D963-7045-44AB-9AFD-52C07DCFD099}.Debug|x86.Build.0 = Debug|Any CPU
		{EF03D963-7045-44AB-9AFD-52C07DCFD099}.Release|Any CPU.ActiveCfg = Release|Any CPU
		{EF03D963-7045-44AB-9AFD-52C07DCFD099}.Release|Any CPU.Build.0 = Release|Any CPU
		{EF03D963-7045-44AB-9AFD-52C07DCFD099}.Release|x64.ActiveCfg = Release|Any CPU
		{EF03D963-7045-44AB-9AFD-52C07DCFD099}.Release|x64.Build.0 = Release|Any CPU
		{EF03D963-7045-44AB-9AFD-52C07DCFD099}.Release|x86.ActiveCfg = Release|Any CPU
		{EF03D963-7045-44AB-9AFD-52C07DCFD099}.Release|x86.Build.0 = Release|Any CPU
	EndGlobalSection
	GlobalSection(SolutionProperties) = preSolution
		HideSolutionNode = FALSE
	EndGlobalSection
EndGlobal
